<?xml version="1.0" encoding="utf-8"?>
<Project ToolsVersion="4.0" xmlns="http://schemas.microsoft.com/developer/msbuild/2003">
  <ItemGroup>
    <Filter Include="res">
      <UniqueIdentifier>{4FA5880B-BBAE-887C-442A-9F7CB032947C}</UniqueIdentifier>
    </Filter>
    <Filter Include="res\shaders">
      <UniqueIdentifier>{4841F028-B4F6-681E-3DEB-62F5A99F5F22}</UniqueIdentifier>
    </Filter>
    <Filter Include="src">
      <UniqueIdentifier>{2DAB880B-99B4-887C-2230-9F7C8E38947C}</UniqueIdentifier>
    </Filter>
    <Filter Include="src\events">
      <UniqueIdentifier>{91766759-7D2E-A9A6-E635-8202D20C4497}</UniqueIdentifier>
    </Filter>
    <Filter Include="src\imgui">
      <UniqueIdentifier>{57A665B5-C310-1A2C-0C4F-CBD178F8F780}</UniqueIdentifier>
    </Filter>
    <Filter Include="src\logging">
      <UniqueIdentifier>{E300FA90-4FB6-7286-D8AA-6C5D445F698A}</UniqueIdentifier>
    </Filter>
  </ItemGroup>
  <ItemGroup>
    <ClInclude Include="src\Application.h">
      <Filter>src</Filter>
    </ClInclude>
    <ClInclude Include="src\GlobalMacros.h">
      <Filter>src</Filter>
    </ClInclude>
    <ClInclude Include="src\logging\Log.h">
      <Filter>src\logging</Filter>
    </ClInclude>
    <ClInclude Include="src\pch.h">
      <Filter>src</Filter>
    </ClInclude>
    <ClInclude Include="src\imgui\ImGuiRenderer.h" />
    <ClInclude Include="src\layers\BaseLayer.h" />
    <ClInclude Include="src\layers\BaseUILayer.h">
      <Filter>src\imgui</Filter>
    </ClInclude>
    <ClInclude Include="src\imgui\imgui_impl_glfw.h" />
    <ClInclude Include="src\imgui\imgui_impl_opengl3.h" />
    <ClInclude Include="src\layers\MinimalRenderDemo.h" />
    <ClInclude Include="src\logging\GLDebugMessageCallback.h" />
    <ClInclude Include="src\layers\Layer.h">
      <Filter>src</Filter>
    </ClInclude>
    <ClInclude Include="src\layers\LayerManager.h" />
    <ClInclude Include="src\SmartGLFWWindow.h" />
    <ClInclude Include="src\Window.h">
      <Filter>src</Filter>
    </ClInclude>
    <ClInclude Include="src\WindowProperties.h" />
    <ClInclude Include="src\ShaderHelpers.h">
      <Filter>src</Filter>
    </ClInclude>
    <ClInclude Include="src\config\WindowConfig.h" />
  </ItemGroup>
  <ItemGroup>
    <ClCompile Include="src\Application.cpp">
      <Filter>src</Filter>
    </ClCompile>
    <ClCompile Include="src\EntryPoint.cpp">
      <Filter>src</Filter>
    </ClCompile>
    <ClCompile Include="src\logging\Log.cpp">
      <Filter>src\logging</Filter>
    </ClCompile>
    <ClCompile Include="src\pch.cpp">
      <Filter>src</Filter>
    </ClCompile>
    <ClCompile Include="src\imgui\ImGuiRenderer.cpp" />
    <ClCompile Include="src\layers\BaseLayer.cpp" />
    <ClCompile Include="src\layers\BaseUILayer.cpp">
      <Filter>src\imgui</Filter>
    </ClCompile>
    <ClCompile Include="src\imgui\imgui_impl_glfw.cpp" />
    <ClCompile Include="src\imgui\imgui_impl_opengl3.cpp" />
    <ClCompile Include="src\layers\MinimalRenderDemo.cpp" />
    <ClCompile Include="src\logging\GLDebugMessageCallback.cpp" />
    <ClCompile Include="src\layers\Layer.cpp">
      <Filter>src</Filter>
    </ClCompile>
    <ClCompile Include="src\layers\LayerManager.cpp" />
    <ClCompile Include="src\SmartGLFWWindow.cpp" />
    <ClCompile Include="src\Window.cpp">
      <Filter>src</Filter>
    </ClCompile>
    <ClCompile Include="src\ShaderHelpers.cpp">
      <Filter>src</Filter>
    </ClCompile>
    <ClCompile Include="src\config\WindowConfig.cpp" />
  </ItemGroup>
  <ItemGroup>
    <None Include="imgui.ini" />
    <None Include="res\shaders\Minimal_Fragment.shader">
      <Filter>res\shaders</Filter>
    </None>
    <None Include="res\shaders\Minimal_Vertex.shader">
      <Filter>res\shaders</Filter>
    </None>
  </ItemGroup>
  <ItemGroup>
    <Font Include="res\fonts\Consolas.ttf" />
  </ItemGroup>
</Project>