<?xml version="1.0" encoding="utf-8"?>
<Project ToolsVersion="4.0" xmlns="http://schemas.microsoft.com/developer/msbuild/2003">
  <ItemGroup>
    <Filter Include="imgui">
      <UniqueIdentifier>{0098A80F-6CAC-D0C0-352E-7420A101CDF1}</UniqueIdentifier>
    </Filter>
  </ItemGroup>
  <ItemGroup>
    <ClInclude Include="src\Core.h" />
    <ClInclude Include="src\Log.h" />
    <ClInclude Include="src\Renderer.h" />
    <ClInclude Include="src\Shader.h" />
    <ClInclude Include="src\imgui\ImGuiLayer.h">
      <Filter>imgui</Filter>
    </ClInclude>
    <ClInclude Include="src\pch.h" />
  </ItemGroup>
  <ItemGroup>
    <ClCompile Include="src\EntryPoint.cpp" />
    <ClCompile Include="src\ImGuiBuild.cpp" />
    <ClCompile Include="src\Log.cpp" />
    <ClCompile Include="src\Renderer.cpp" />
    <ClCompile Include="src\Shader.cpp" />
    <ClCompile Include="src\imgui\ImGuiLayer.cpp">
      <Filter>imgui</Filter>
    </ClCompile>
    <ClCompile Include="src\pch.cpp" />
  </ItemGroup>
  <ItemGroup>
    <None Include="src\Fragment_Color.shader" />
    <None Include="src\Fragment_Texture.shader" />
    <None Include="src\Fragment_White.shader" />
    <None Include="src\Vertex_Position.shader" />
    <None Include="src\Vertex_Texture.shader" />
  </ItemGroup>
</Project>