<?xml version="1.0" encoding="utf-8"?>
<Project ToolsVersion="4.0" xmlns="http://schemas.microsoft.com/developer/msbuild/2003">
  <ItemGroup>
    <Filter Include="res">
      <UniqueIdentifier>{4FA5880B-BBAE-887C-442A-9F7CB032947C}</UniqueIdentifier>
    </Filter>
    <Filter Include="res\fonts">
      <UniqueIdentifier>{E81E0011-5489-B487-9DC7-652D097192DC}</UniqueIdentifier>
    </Filter>
    <Filter Include="res\shaders">
      <UniqueIdentifier>{4841F028-B4F6-681E-3DEB-62F5A99F5F22}</UniqueIdentifier>
    </Filter>
    <Filter Include="src">
      <UniqueIdentifier>{2DAB880B-99B4-887C-2230-9F7C8E38947C}</UniqueIdentifier>
    </Filter>
    <Filter Include="src\events">
      <UniqueIdentifier>{91766759-7D2E-A9A6-E635-8202D20C4497}</UniqueIdentifier>
    </Filter>
    <Filter Include="src\helpers">
      <UniqueIdentifier>{0FD11C46-7B86-953B-047B-8F12702F8C3F}</UniqueIdentifier>
    </Filter>
    <Filter Include="src\imgui">
      <UniqueIdentifier>{57A665B5-C310-1A2C-0C4F-CBD178F8F780}</UniqueIdentifier>
    </Filter>
    <Filter Include="src\layers">
      <UniqueIdentifier>{6C614A68-5819-8CB5-C120-6511ADF726A6}</UniqueIdentifier>
    </Filter>
    <Filter Include="src\logging">
      <UniqueIdentifier>{E300FA90-4FB6-7286-D8AA-6C5D445F698A}</UniqueIdentifier>
    </Filter>
    <Filter Include="src\models">
      <UniqueIdentifier>{605C916B-4C14-D3B8-B51B-AC14A1F26DA9}</UniqueIdentifier>
    </Filter>
    <Filter Include="src\renderer">
      <UniqueIdentifier>{936D1A48-7FD0-A9EC-2856-E2A21498756F}</UniqueIdentifier>
    </Filter>
    <Filter Include="src\types">
      <UniqueIdentifier>{B16C33B6-1DD7-E72C-6615-99D2D2BEC581}</UniqueIdentifier>
    </Filter>
    <Filter Include="src\window">
      <UniqueIdentifier>{94D77D82-808F-BFCF-E996-982BD56D5AC0}</UniqueIdentifier>
    </Filter>
  </ItemGroup>
  <ItemGroup>
    <ClInclude Include="src\Application.h">
      <Filter>src</Filter>
    </ClInclude>
    <ClInclude Include="src\events\AspectRatioChangeEvent.h">
      <Filter>src\events</Filter>
    </ClInclude>
    <ClInclude Include="src\events\ChangeToFullscreenEvent.h">
      <Filter>src\events</Filter>
    </ClInclude>
    <ClInclude Include="src\events\ChangeToWindowedEvent.h">
      <Filter>src\events</Filter>
    </ClInclude>
    <ClInclude Include="src\events\Event.h">
      <Filter>src\events</Filter>
    </ClInclude>
    <ClInclude Include="src\events\EventDispatcher.h">
      <Filter>src\events</Filter>
    </ClInclude>
    <ClInclude Include="src\events\EventType.h">
      <Filter>src\events</Filter>
    </ClInclude>
    <ClInclude Include="src\events\RenderTargetChangeEvent.h">
      <Filter>src\events</Filter>
    </ClInclude>
    <ClInclude Include="src\events\ResolutionChangeEvent.h">
      <Filter>src\events</Filter>
    </ClInclude>
    <ClInclude Include="src\events\WindowCloseEvent.h">
      <Filter>src\events</Filter>
    </ClInclude>
    <ClInclude Include="src\helpers\GlobalMacros.h">
      <Filter>src\helpers</Filter>
    </ClInclude>
    <ClInclude Include="src\helpers\MathHelpers.h">
      <Filter>src\helpers</Filter>
    </ClInclude>
    <ClInclude Include="src\imgui\ImGuiHelpers.h">
      <Filter>src\imgui</Filter>
    </ClInclude>
    <ClInclude Include="src\imgui\ImGuiRenderer.h">
      <Filter>src\imgui</Filter>
    </ClInclude>
    <ClInclude Include="src\imgui\imgui_impl_glfw.h">
      <Filter>src\imgui</Filter>
    </ClInclude>
    <ClInclude Include="src\imgui\imgui_impl_opengl3.h">
      <Filter>src\imgui</Filter>
    </ClInclude>
    <ClInclude Include="src\layers\BaseLayer.h">
      <Filter>src\layers</Filter>
    </ClInclude>
    <ClInclude Include="src\layers\CircleDemo.h">
      <Filter>src\layers</Filter>
    </ClInclude>
    <ClInclude Include="src\layers\HelloWorld.h">
      <Filter>src\layers</Filter>
    </ClInclude>
    <ClInclude Include="src\layers\HelloWorldFiddle.h">
      <Filter>src\layers</Filter>
    </ClInclude>
    <ClInclude Include="src\layers\Layer.h">
      <Filter>src\layers</Filter>
    </ClInclude>
    <ClInclude Include="src\layers\LayerManager.h">
      <Filter>src\layers</Filter>
    </ClInclude>
    <ClInclude Include="src\layers\PassthroughLayer.h">
      <Filter>src\layers</Filter>
    </ClInclude>
    <ClInclude Include="src\layers\RenderTargetLayer.h">
      <Filter>src\layers</Filter>
    </ClInclude>
    <ClInclude Include="src\logging\GLDebugMessageCallback.h">
      <Filter>src\logging</Filter>
    </ClInclude>
    <ClInclude Include="src\logging\Log.h">
      <Filter>src\logging</Filter>
    </ClInclude>
    <ClInclude Include="src\models\Circle.h">
      <Filter>src\models</Filter>
    </ClInclude>
    <ClInclude Include="src\models\Model.h">
      <Filter>src\models</Filter>
    </ClInclude>
    <ClInclude Include="src\models\ModelGenerator.h">
      <Filter>src\models</Filter>
    </ClInclude>
    <ClInclude Include="src\models\Triangle.h">
      <Filter>src\models</Filter>
    </ClInclude>
    <ClInclude Include="src\pch.h">
      <Filter>src</Filter>
    </ClInclude>
    <ClInclude Include="src\renderer\IRenderer.h">
      <Filter>src\renderer</Filter>
    </ClInclude>
    <ClInclude Include="src\renderer\OpenGlRenderer.h">
      <Filter>src\renderer</Filter>
    </ClInclude>
    <ClInclude Include="src\renderer\Renderer.h">
      <Filter>src\renderer</Filter>
    </ClInclude>
    <ClInclude Include="src\renderer\RendererTypes.h">
      <Filter>src\renderer</Filter>
    </ClInclude>
    <ClInclude Include="src\renderer\ShaderHelpers.h">
      <Filter>src\renderer</Filter>
    </ClInclude>
    <ClInclude Include="src\renderer\ShaderType.h">
      <Filter>src\renderer</Filter>
    </ClInclude>
    <ClInclude Include="src\renderer\TestRenderer.h">
      <Filter>src\renderer</Filter>
    </ClInclude>
    <ClInclude Include="src\types\Timer.h">
      <Filter>src\types</Filter>
    </ClInclude>
    <ClInclude Include="src\types\Vertex1.h">
      <Filter>src\types</Filter>
    </ClInclude>
    <ClInclude Include="src\window\ResolutionSetting.h">
      <Filter>src\window</Filter>
    </ClInclude>
    <ClInclude Include="src\window\SmartGLFWWindow.h">
      <Filter>src\window</Filter>
    </ClInclude>
    <ClInclude Include="src\window\Window.h">
      <Filter>src\window</Filter>
    </ClInclude>
    <ClInclude Include="src\window\WindowDefaults.h">
      <Filter>src\window</Filter>
    </ClInclude>
    <ClInclude Include="src\window\WindowInput.h">
      <Filter>src\window</Filter>
    </ClInclude>
    <ClInclude Include="src\window\WindowLayout.h">
      <Filter>src\window</Filter>
    </ClInclude>
    <ClInclude Include="src\window\WindowMode.h">
      <Filter>src\window</Filter>
    </ClInclude>
    <ClInclude Include="src\window\WindowProperties.h">
      <Filter>src\window</Filter>
    </ClInclude>
  </ItemGroup>
  <ItemGroup>
    <ClCompile Include="src\Application.cpp">
      <Filter>src</Filter>
    </ClCompile>
    <ClCompile Include="src\EntryPoint.cpp">
      <Filter>src</Filter>
    </ClCompile>
    <ClCompile Include="src\events\AspectRatioChangeEvent.cpp">
      <Filter>src\events</Filter>
    </ClCompile>
    <ClCompile Include="src\events\ChangeToFullScreenEvent.cpp">
      <Filter>src\events</Filter>
    </ClCompile>
    <ClCompile Include="src\events\ChangeToWindowedEvent.cpp">
      <Filter>src\events</Filter>
    </ClCompile>
    <ClCompile Include="src\events\RenderTargetChangeEvent.cpp">
      <Filter>src\events</Filter>
    </ClCompile>
    <ClCompile Include="src\events\ResolutionChangeEvent.cpp">
      <Filter>src\events</Filter>
    </ClCompile>
    <ClCompile Include="src\events\WindowCloseEvent.cpp">
      <Filter>src\events</Filter>
    </ClCompile>
    <ClCompile Include="src\helpers\MathHelpers.cpp">
      <Filter>src\helpers</Filter>
    </ClCompile>
    <ClCompile Include="src\imgui\ImGuiHelpers.cpp">
      <Filter>src\imgui</Filter>
    </ClCompile>
    <ClCompile Include="src\imgui\ImGuiRenderer.cpp">
      <Filter>src\imgui</Filter>
    </ClCompile>
    <ClCompile Include="src\imgui\imgui_impl_glfw.cpp">
      <Filter>src\imgui</Filter>
    </ClCompile>
    <ClCompile Include="src\imgui\imgui_impl_opengl3.cpp">
      <Filter>src\imgui</Filter>
    </ClCompile>
    <ClCompile Include="src\layers\BaseLayer.cpp">
      <Filter>src\layers</Filter>
    </ClCompile>
    <ClCompile Include="src\layers\CircleDemo.cpp">
      <Filter>src\layers</Filter>
    </ClCompile>
    <ClCompile Include="src\layers\HelloWorld.cpp">
      <Filter>src\layers</Filter>
    </ClCompile>
    <ClCompile Include="src\layers\HelloWorldFiddle.cpp">
      <Filter>src\layers</Filter>
    </ClCompile>
    <ClCompile Include="src\layers\Layer.cpp">
      <Filter>src\layers</Filter>
    </ClCompile>
    <ClCompile Include="src\layers\LayerManager.cpp">
      <Filter>src\layers</Filter>
    </ClCompile>
    <ClCompile Include="src\layers\PassthroughLayer.cpp">
      <Filter>src\layers</Filter>
    </ClCompile>
    <ClCompile Include="src\layers\RenderTargetLayer.cpp">
      <Filter>src\layers</Filter>
    </ClCompile>
    <ClCompile Include="src\logging\GLDebugMessageCallback.cpp">
      <Filter>src\logging</Filter>
    </ClCompile>
    <ClCompile Include="src\logging\Log.cpp">
      <Filter>src\logging</Filter>
    </ClCompile>
    <ClCompile Include="src\models\Circle.cpp">
      <Filter>src\models</Filter>
    </ClCompile>
    <ClCompile Include="src\models\ModelGenerator.cpp">
      <Filter>src\models</Filter>
    </ClCompile>
    <ClCompile Include="src\models\Triangle.cpp">
      <Filter>src\models</Filter>
    </ClCompile>
    <ClCompile Include="src\pch.cpp">
      <Filter>src</Filter>
    </ClCompile>
    <ClCompile Include="src\renderer\OpenGlRenderer.cpp">
      <Filter>src\renderer</Filter>
    </ClCompile>
    <ClCompile Include="src\renderer\ShaderHelpers.cpp">
      <Filter>src\renderer</Filter>
    </ClCompile>
    <ClCompile Include="src\renderer\TestRenderer.cpp">
      <Filter>src\renderer</Filter>
    </ClCompile>
    <ClCompile Include="src\types\Timer.cpp">
      <Filter>src\types</Filter>
    </ClCompile>
    <ClCompile Include="src\types\Vertex1.cpp">
      <Filter>src\types</Filter>
    </ClCompile>
    <ClCompile Include="src\window\SmartGLFWWindow.cpp">
      <Filter>src\window</Filter>
    </ClCompile>
    <ClCompile Include="src\window\Window.cpp">
      <Filter>src\window</Filter>
    </ClCompile>
    <ClCompile Include="src\window\WindowDefaults.cpp">
      <Filter>src\window</Filter>
    </ClCompile>
    <ClCompile Include="src\window\WindowInput.cpp">
      <Filter>src\window</Filter>
    </ClCompile>
    <ClCompile Include="src\window\WindowLayout.cpp">
      <Filter>src\window</Filter>
    </ClCompile>
    <ClCompile Include="src\window\WindowProperties.cpp">
      <Filter>src\window</Filter>
    </ClCompile>
  </ItemGroup>
  <ItemGroup>
    <None Include="imgui.ini" />
    <None Include="res\fonts\Consolas.ttf">
      <Filter>res\fonts</Filter>
    </None>
    <None Include="res\shaders\CircleDemo_LineFragment.shader">
      <Filter>res\shaders</Filter>
    </None>
    <None Include="res\shaders\CircleDemo_LineVertex.shader">
      <Filter>res\shaders</Filter>
    </None>
    <None Include="res\shaders\CircleDemo_TriangleFragment.shader">
      <Filter>res\shaders</Filter>
    </None>
    <None Include="res\shaders\CircleDemo_TriangleVertex.shader">
      <Filter>res\shaders</Filter>
    </None>
    <None Include="res\shaders\HelloWorldFiddle_Fragment.shader">
      <Filter>res\shaders</Filter>
    </None>
    <None Include="res\shaders\HelloWorldFiddle_Vertex.shader">
      <Filter>res\shaders</Filter>
    </None>
    <None Include="res\shaders\Minimal_Fragment.shader">
      <Filter>res\shaders</Filter>
    </None>
    <None Include="res\shaders\Minimal_Vertex.shader">
      <Filter>res\shaders</Filter>
    </None>
  </ItemGroup>
</Project>